Microsoft Visual Studio Solution File, Format Version 12.00
# Visual Studio Version 17
VisualStudioVersion = 17.14.36915.13 d17.14
MinimumVisualStudioVersion = 10.0.40219.1
Project("{FAE04EC0-301F-11D3-BF4B-00C04F79EFBC}") = "WeatherApp.Api", "WeatherApp.Api\WeatherApp.Api.csproj", "{05AC2555-EF24-4727-B491-E3CDACE8BBD1}"
EndProject
Project("{FAE04EC0-301F-11D3-BF4B-00C04F79EFBC}") = "WeatherApp.Application", "WeatherApp.Application\WeatherApp.Application.csproj", "{CBB536BE-39E5-4E06-B56E-208966547176}"
EndProject
Project("{FAE04EC0-301F-11D3-BF4B-00C04F79EFBC}") = "WeatherApp.Domain", "WeatherApp.Domain\WeatherApp.Domain.csproj", "{69605372-E367-4655-B0BA-98135E4ACCB4}"
EndProject
Project("{FAE04EC0-301F-11D3-BF4B-00C04F79EFBC}") = "WeatherApp.Infrastructure", "WeatherApp.Infrastructure\WeatherApp.Infrastructure.csproj", "{DAFDFD7A-B311-4A9A-9A80-44D443497A07}"
EndProject
Project("{2150E333-8FDC-42A3-9474-1A3956D46DE8}") = "src", "src", "{02EA681E-C7D8-13C7-8484-4AC65E1B71E8}"
EndProject
Project("{FAE04EC0-301F-11D3-BF4B-00C04F79EFBC}") = "WeatherApp.Domain.Tests", "WeatherApp.Domain.Tests\WeatherApp.Domain.Tests.csproj", "{79BED18C-641F-4D05-9E6B-A580AEE07CDB}"
EndProject
Project("{2150E333-8FDC-42A3-9474-1A3956D46DE8}") = "tests", "tests", "{6C4096A4-24C1-4B86-909F-896DE64B61E8}"
EndProject
Project("{FAE04EC0-301F-11D3-BF4B-00C04F79EFBC}") = "WeatherApp.Application.Tests", "WeatherApp.Application.Tests\WeatherApp.Application.Tests.csproj", "{D9DCF6B6-76CB-4921-AB54-A38BAC12CF12}"
EndProject
Project("{FAE04EC0-301F-11D3-BF4B-00C04F79EFBC}") = "WeatherApp.Api.Tests", "WeatherApp.Api.Tests\WeatherApp.Api.Tests.csproj", "{2D7AF70B-4FBF-432E-BF17-11BE4D2B5C09}"
EndProject
Project("{2150E333-8FDC-42A3-9474-1A3956D46DE8}") = "weather-client", "weather-client", "{8A9B0C1D-2E3F-4A5B-6C7D-8E9F0A1B2C3D}"
	ProjectSection(SolutionItems) = preProject
		weather-client\package.json = weather-client\package.json
		weather-client\tsconfig.json = weather-client\tsconfig.json
		weather-client\tsconfig.node.json = weather-client\tsconfig.node.json
		weather-client\vite.config.ts = weather-client\vite.config.ts
		weather-client\index.html = weather-client\index.html
	EndProjectSection
EndProject
Project("{2150E333-8FDC-42A3-9474-1A3956D46DE8}") = "src", "src", "{9B0C1D2E-3F4A-5B6C-7D8E-9F0A1B2C3D4E}"
	ProjectSection(SolutionItems) = preProject
		weather-client\src\App.tsx = weather-client\src\App.tsx
		weather-client\src\App.css = weather-client\src\App.css
		weather-client\src\main.tsx = weather-client\src\main.tsx
	EndProjectSection
EndProject
Project("{2150E333-8FDC-42A3-9474-1A3956D46DE8}") = "components", "components", "{0C1D2E3F-4A5B-6C7D-8E9F-0A1B2C3D4E5F}"
	ProjectSection(SolutionItems) = preProject
		weather-client\src\components\WeatherCard.tsx = weather-client\src\components\WeatherCard.tsx
		weather-client\src\components\WeatherCard.css = weather-client\src\components\WeatherCard.css
		weather-client\src\components\LocationInput.tsx = weather-client\src\components\LocationInput.tsx
		weather-client\src\components\LocationInput.css = weather-client\src\components\LocationInput.css
		weather-client\src\components\ErrorMessage.tsx = weather-client\src\components\ErrorMessage.tsx
		weather-client\src\components\ErrorMessage.css = weather-client\src\components\ErrorMessage.css
		weather-client\src\components\LoadingSpinner.tsx = weather-client\src\components\LoadingSpinner.tsx
		weather-client\src\components\LoadingSpinner.css = weather-client\src\components\LoadingSpinner.css
	EndProjectSection
EndProject
Project("{2150E333-8FDC-42A3-9474-1A3956D46DE8}") = "hooks", "hooks", "{1D2E3F4A-5B6C-7D8E-9F0A-1B2C3D4E5F6A}"
	ProjectSection(SolutionItems) = preProject
		weather-client\src\hooks\useWeather.ts = weather-client\src\hooks\useWeather.ts
	EndProjectSection
EndProject
Project("{2150E333-8FDC-42A3-9474-1A3956D46DE8}") = "services", "services", "{2E3F4A5B-6C7D-8E9F-0A1B-2C3D4E5F6A7B}"
	ProjectSection(SolutionItems) = preProject
		weather-client\src\services\weatherService.ts = weather-client\src\services\weatherService.ts
	EndProjectSection
EndProject
Project("{2150E333-8FDC-42A3-9474-1A3956D46DE8}") = "types", "types", "{3F4A5B6C-7D8E-9F0A-1B2C-3D4E5F6A7B8C}"
	ProjectSection(SolutionItems) = preProject
		weather-client\src\types\weather.ts = weather-client\src\types\weather.ts
	EndProjectSection
EndProject
Global
	GlobalSection(SolutionConfigurationPlatforms) = preSolution
		Debug|Any CPU = Debug|Any CPU
		Release|Any CPU = Release|Any CPU
	EndGlobalSection
	GlobalSection(ProjectConfigurationPlatforms) = postSolution
		{05AC2555-EF24-4727-B491-E3CDACE8BBD1}.Debug|Any CPU.ActiveCfg = Debug|Any CPU
		{05AC2555-EF24-4727-B491-E3CDACE8BBD1}.Debug|Any CPU.Build.0 = Debug|Any CPU
		{05AC2555-EF24-4727-B491-E3CDACE8BBD1}.Release|Any CPU.ActiveCfg = Release|Any CPU
		{05AC2555-EF24-4727-B491-E3CDACE8BBD1}.Release|Any CPU.Build.0 = Release|Any CPU
		{CBB536BE-39E5-4E06-B56E-208966547176}.Debug|Any CPU.ActiveCfg = Debug|Any CPU
		{CBB536BE-39E5-4E06-B56E-208966547176}.Debug|Any CPU.Build.0 = Debug|Any CPU
		{CBB536BE-39E5-4E06-B56E-208966547176}.Release|Any CPU.ActiveCfg = Release|Any CPU
		{CBB536BE-39E5-4E06-B56E-208966547176}.Release|Any CPU.Build.0 = Release|Any CPU
		{69605372-E367-4655-B0BA-98135E4ACCB4}.Debug|Any CPU.ActiveCfg = Debug|Any CPU
		{69605372-E367-4655-B0BA-98135E4ACCB4}.Debug|Any CPU.Build.0 = Debug|Any CPU
		{69605372-E367-4655-B0BA-98135E4ACCB4}.Release|Any CPU.ActiveCfg = Release|Any CPU
		{69605372-E367-4655-B0BA-98135E4ACCB4}.Release|Any CPU.Build.0 = Release|Any CPU
		{DAFDFD7A-B311-4A9A-9A80-44D443497A07}.Debug|Any CPU.ActiveCfg = Debug|Any CPU
		{DAFDFD7A-B311-4A9A-9A80-44D443497A07}.Debug|Any CPU.Build.0 = Debug|Any CPU
		{DAFDFD7A-B311-4A9A-9A80-44D443497A07}.Release|Any CPU.ActiveCfg = Release|Any CPU
		{DAFDFD7A-B311-4A9A-9A80-44D443497A07}.Release|Any CPU.Build.0 = Release|Any CPU
		{79BED18C-641F-4D05-9E6B-A580AEE07CDB}.Debug|Any CPU.ActiveCfg = Debug|Any CPU
		{79BED18C-641F-4D05-9E6B-A580AEE07CDB}.Debug|Any CPU.Build.0 = Debug|Any CPU
		{79BED18C-641F-4D05-9E6B-A580AEE07CDB}.Release|Any CPU.ActiveCfg = Release|Any CPU
		{79BED18C-641F-4D05-9E6B-A580AEE07CDB}.Release|Any CPU.Build.0 = Release|Any CPU
		{D9DCF6B6-76CB-4921-AB54-A38BAC12CF12}.Debug|Any CPU.ActiveCfg = Debug|Any CPU
		{D9DCF6B6-76CB-4921-AB54-A38BAC12CF12}.Debug|Any CPU.Build.0 = Debug|Any CPU
		{D9DCF6B6-76CB-4921-AB54-A38BAC12CF12}.Release|Any CPU.ActiveCfg = Release|Any CPU
		{D9DCF6B6-76CB-4921-AB54-A38BAC12CF12}.Release|Any CPU.Build.0 = Release|Any CPU
		{2D7AF70B-4FBF-432E-BF17-11BE4D2B5C09}.Debug|Any CPU.ActiveCfg = Debug|Any CPU
		{2D7AF70B-4FBF-432E-BF17-11BE4D2B5C09}.Debug|Any CPU.Build.0 = Debug|Any CPU
		{2D7AF70B-4FBF-432E-BF17-11BE4D2B5C09}.Release|Any CPU.ActiveCfg = Release|Any CPU
		{2D7AF70B-4FBF-432E-BF17-11BE4D2B5C09}.Release|Any CPU.Build.0 = Release|Any CPU
	EndGlobalSection
	GlobalSection(SolutionProperties) = preSolution
		HideSolutionNode = FALSE
	EndGlobalSection
	GlobalSection(NestedProjects) = preSolution
		{05AC2555-EF24-4727-B491-E3CDACE8BBD1} = {02EA681E-C7D8-13C7-8484-4AC65E1B71E8}
		{CBB536BE-39E5-4E06-B56E-208966547176} = {02EA681E-C7D8-13C7-8484-4AC65E1B71E8}
		{69605372-E367-4655-B0BA-98135E4ACCB4} = {02EA681E-C7D8-13C7-8484-4AC65E1B71E8}
		{DAFDFD7A-B311-4A9A-9A80-44D443497A07} = {02EA681E-C7D8-13C7-8484-4AC65E1B71E8}
		{79BED18C-641F-4D05-9E6B-A580AEE07CDB} = {6C4096A4-24C1-4B86-909F-896DE64B61E8}
		{D9DCF6B6-76CB-4921-AB54-A38BAC12CF12} = {6C4096A4-24C1-4B86-909F-896DE64B61E8}
		{2D7AF70B-4FBF-432E-BF17-11BE4D2B5C09} = {6C4096A4-24C1-4B86-909F-896DE64B61E8}
		{9B0C1D2E-3F4A-5B6C-7D8E-9F0A1B2C3D4E} = {8A9B0C1D-2E3F-4A5B-6C7D-8E9F0A1B2C3D}
		{0C1D2E3F-4A5B-6C7D-8E9F-0A1B2C3D4E5F} = {9B0C1D2E-3F4A-5B6C-7D8E-9F0A1B2C3D4E}
		{1D2E3F4A-5B6C-7D8E-9F0A-1B2C3D4E5F6A} = {9B0C1D2E-3F4A-5B6C-7D8E-9F0A1B2C3D4E}
		{2E3F4A5B-6C7D-8E9F-0A1B-2C3D4E5F6A7B} = {9B0C1D2E-3F4A-5B6C-7D8E-9F0A1B2C3D4E}
		{3F4A5B6C-7D8E-9F0A-1B2C-3D4E5F6A7B8C} = {9B0C1D2E-3F4A-5B6C-7D8E-9F0A1B2C3D4E}
	EndGlobalSection
	GlobalSection(ExtensibilityGlobals) = postSolution
		SolutionGuid = {661C1321-A61F-44EF-AAE2-F556465A169D}
	EndGlobalSection
EndGlobal