
Microsoft Visual Studio Solution File, Format Version 12.00
# Visual Studio Version 17
VisualStudioVersion = 17.14.36915.13 d17.14
MinimumVisualStudioVersion = 10.0.40219.1
Project("{FAE04EC0-301F-11D3-BF4B-00C04F79EFBC}") = "WeatherApp.Api", "WeatherApp.Api\WeatherApp.Api.csproj", "{05AC2555-EF24-4727-B491-E3CDACE8BBD1}"
EndProject
Project("{FAE04EC0-301F-11D3-BF4B-00C04F79EFBC}") = "WeatherApp.Application", "WeatherApp.Application\WeatherApp.Application.csproj", "{CBB536BE-39E5-4E06-B56E-208966547176}"
EndProject
Project("{FAE04EC0-301F-11D3-BF4B-00C04F79EFBC}") = "WeatherApp.Domain", "WeatherApp.Domain\WeatherApp.Domain.csproj", "{69605372-E367-4655-B0BA-98135E4ACCB4}"
EndProject
Global
	GlobalSection(SolutionConfigurationPlatforms) = preSolution
		Debug|Any CPU = Debug|Any CPU
		Release|Any CPU = Release|Any CPU
	EndGlobalSection
	GlobalSection(ProjectConfigurationPlatforms) = postSolution
		{05AC2555-EF24-4727-B491-E3CDACE8BBD1}.Debug|Any CPU.ActiveCfg = Debug|Any CPU
		{05AC2555-EF24-4727-B491-E3CDACE8BBD1}.Debug|Any CPU.Build.0 = Debug|Any CPU
		{05AC2555-EF24-4727-B491-E3CDACE8BBD1}.Release|Any CPU.ActiveCfg = Release|Any CPU
		{05AC2555-EF24-4727-B491-E3CDACE8BBD1}.Release|Any CPU.Build.0 = Release|Any CPU
		{CBB536BE-39E5-4E06-B56E-208966547176}.Debug|Any CPU.ActiveCfg = Debug|Any CPU
		{CBB536BE-39E5-4E06-B56E-208966547176}.Debug|Any CPU.Build.0 = Debug|Any CPU
		{CBB536BE-39E5-4E06-B56E-208966547176}.Release|Any CPU.ActiveCfg = Release|Any CPU
		{CBB536BE-39E5-4E06-B56E-208966547176}.Release|Any CPU.Build.0 = Release|Any CPU
		{69605372-E367-4655-B0BA-98135E4ACCB4}.Debug|Any CPU.ActiveCfg = Debug|Any CPU
		{69605372-E367-4655-B0BA-98135E4ACCB4}.Debug|Any CPU.Build.0 = Debug|Any CPU
		{69605372-E367-4655-B0BA-98135E4ACCB4}.Release|Any CPU.ActiveCfg = Release|Any CPU
		{69605372-E367-4655-B0BA-98135E4ACCB4}.Release|Any CPU.Build.0 = Release|Any CPU
	EndGlobalSection
	GlobalSection(SolutionProperties) = preSolution
		HideSolutionNode = FALSE
	EndGlobalSection
	GlobalSection(ExtensibilityGlobals) = postSolution
		SolutionGuid = {661C1321-A61F-44EF-AAE2-F556465A169D}
	EndGlobalSection
EndGlobal
